<?xml version="1.0" encoding="utf-8"?>
<Project ToolsVersion="4.0" xmlns="http://schemas.microsoft.com/developer/msbuild/2003">
  <ItemGroup>
    <ClCompile Include="Core\AssetManager.cpp" />
    <ClCompile Include="Core\AudioSystem.cpp" />
    <ClCompile Include="Core\CollisionManager.cpp" />
    <ClCompile Include="Core\Game.cpp" />
    <ClCompile Include="Core\InputManager.cpp" />
    <ClCompile Include="GameObjects\ExampleGameObject.cpp" />
    <ClCompile Include="main.cpp" />
    <ClCompile Include="Rendering\GameWindow.cpp" />
    <ClCompile Include="Rendering\Renderer.cpp" />
    <ClCompile Include="Rendering\RenderInstanceManager.cpp" />
    <ClCompile Include="GameObjects\Player.cpp" />
    <ClCompile Include="Gameplay\HealthSystem.cpp" />
    <ClCompile Include="Rendering\SpriteSheet.cpp" />
    <ClCompile Include="Core\DeltaTime.cpp" />
  </ItemGroup>
  <ItemGroup>
    <ClInclude Include="Core\AssetManager.h" />
    <ClInclude Include="Core\AudioSystem.h" />
    <ClInclude Include="Core\CollisionManager.h" />
    <ClInclude Include="Core\Game.h" />
    <ClInclude Include="Core\InputManager.h" />
    <ClInclude Include="GameObjects\BaseGameObject.h" />
    <ClInclude Include="GameObjects\ExampleGameObject.h" />
    <ClInclude Include="GameObjects\IDamageable.h" />
    <ClInclude Include="GameObjects\IRenderableObject.h" />
    <ClInclude Include="Rendering\GameWindow.h" />
    <ClInclude Include="Rendering\Renderer.h" />
    <ClInclude Include="Rendering\RenderInstanceManager.h" />
    <ClInclude Include="Templates\Singleton.h" />
    <ClInclude Include="Core\Vector2.h" />
    <ClInclude Include="GameObjects\Player.h" />
    <ClInclude Include="Gameplay\HealthSystem.h" />
    <ClInclude Include="Rendering\SpriteSheet.h" />
    <ClInclude Include="Core\DeltaTime.h" />
  </ItemGroup>
</Project>